{
  "name": "@selfage/web_app_base_dir",
  "version": "1.0.1",
  "lockfileVersion": 2,
  "requires": true,
  "packages": {
    "": {
      "name": "@selfage/web_app_base_dir",
      "version": "1.0.1",
      "license": "MIT",
      "devDependencies": {
        "@selfage/tsconfig": "^1.1.0",
        "typescript": "^5.6.3"
      }
    },
    "node_modules/@selfage/tsconfig": {
      "version": "1.1.0",
      "resolved": "https://registry.npmjs.org/@selfage/tsconfig/-/tsconfig-1.1.0.tgz",
      "integrity": "sha512-ZDtePZp28WP5LQuSxhSWM+xB/PqRfeSInLtbjgmee2jeHddfrWHNvX/AHmrxtgNR4UdhmbQkAVJnRrsvWnU0dg==",
      "dev": true,
      "license": "GPL-3.0-or-later"
    },
    "node_modules/typescript": {
      "version": "5.6.3",
      "resolved": "https://registry.npmjs.org/typescript/-/typescript-5.6.3.tgz",
      "integrity": "sha512-hjcS1mhfuyi4WW8IWtjP7brDrG2cuDZukyrYrSauoXGNgx0S7zceP07adYkJycEr56BOUTNPzbInooiN3fn1qw==",
      "dev": true,
      "license": "Apache-2.0",
      "bin": {
        "tsc": "bin/tsc",
        "tsserver": "bin/tsserver"
      },
      "engines": {
        "node": ">=14.17"
      }
    }
  },
  "dependencies": {
    "@selfage/tsconfig": {
      "version": "1.1.0",
      "resolved": "https://registry.npmjs.org/@selfage/tsconfig/-/tsconfig-1.1.0.tgz",
      "integrity": "sha512-ZDtePZp28WP5LQuSxhSWM+xB/PqRfeSInLtbjgmee2jeHddfrWHNvX/AHmrxtgNR4UdhmbQkAVJnRrsvWnU0dg==",
      "dev": true
    },
    "typescript": {
      "version": "5.6.3",
      "resolved": "https://registry.npmjs.org/typescript/-/typescript-5.6.3.tgz",
      "integrity": "sha512-hjcS1mhfuyi4WW8IWtjP7brDrG2cuDZukyrYrSauoXGNgx0S7zceP07adYkJycEr56BOUTNPzbInooiN3fn1qw==",
      "dev": true
    }
  }
}
